
Microsoft Visual Studio Solution File, Format Version 12.00
# Visual Studio Version 17
VisualStudioVersion = 17.8.34322.80
MinimumVisualStudioVersion = 10.0.40219.1
Project("{FAE04EC0-301F-11D3-BF4B-00C04F79EFBC}") = "BerberSalonu", "BerberSalonu\BerberSalonu.csproj", "{BFAC68CA-1AE0-4655-9372-97C9B1F4124A}"
EndProject
Global
	GlobalSection(SolutionConfigurationPlatforms) = preSolution
		Debug|Any CPU = Debug|Any CPU
		Release|Any CPU = Release|Any CPU
	EndGlobalSection
	GlobalSection(ProjectConfigurationPlatforms) = postSolution
		{BFAC68CA-1AE0-4655-9372-97C9B1F4124A}.Debug|Any CPU.ActiveCfg = Debug|Any CPU
		{BFAC68CA-1AE0-4655-9372-97C9B1F4124A}.Debug|Any CPU.Build.0 = Debug|Any CPU
		{BFAC68CA-1AE0-4655-9372-97C9B1F4124A}.Release|Any CPU.ActiveCfg = Release|Any CPU
		{BFAC68CA-1AE0-4655-9372-97C9B1F4124A}.Release|Any CPU.Build.0 = Release|Any CPU
	EndGlobalSection
	GlobalSection(SolutionProperties) = preSolution
		HideSolutionNode = FALSE
	EndGlobalSection
	GlobalSection(ExtensibilityGlobals) = postSolution
		SolutionGuid = {4ACC244F-FD40-438A-9399-5B50CC6238D5}
	EndGlobalSection
EndGlobal
